
Microsoft Visual Studio Solution File, Format Version 11.00
# Visual Studio 2010
Project("{FAE04EC0-301F-11D3-BF4B-00C04F79EFBC}") = "CustomAttributesExample.UI", "CustomAttributesExample.UI\CustomAttributesExample.UI.csproj", "{2AF9B46D-AB67-4C90-B50E-4C17D34E8789}"
EndProject
Global
	GlobalSection(SolutionConfigurationPlatforms) = preSolution
		Debug|x86 = Debug|x86
		Release|x86 = Release|x86
	EndGlobalSection
	GlobalSection(ProjectConfigurationPlatforms) = postSolution
		{2AF9B46D-AB67-4C90-B50E-4C17D34E8789}.Debug|x86.ActiveCfg = Debug|x86
		{2AF9B46D-AB67-4C90-B50E-4C17D34E8789}.Debug|x86.Build.0 = Debug|x86
		{2AF9B46D-AB67-4C90-B50E-4C17D34E8789}.Release|x86.ActiveCfg = Release|x86
		{2AF9B46D-AB67-4C90-B50E-4C17D34E8789}.Release|x86.Build.0 = Release|x86
	EndGlobalSection
	GlobalSection(SolutionProperties) = preSolution
		HideSolutionNode = FALSE
	EndGlobalSection
EndGlobal
